
Microsoft Visual Studio Solution File, Format Version 12.00
# Visual Studio 15
VisualStudioVersion = 15.0.28010.2003
MinimumVisualStudioVersion = 10.0.40219.1
Project("{FAE04EC0-301F-11D3-BF4B-00C04F79EFBC}") = "Calculator", "Calculator\Calculator.csproj", "{77B9AE60-3DAA-4AF7-9E60-14B019EE8F8E}"
EndProject
Project("{FAE04EC0-301F-11D3-BF4B-00C04F79EFBC}") = "Calculator.Unit.Test", "Calculator.Unit.Test\Calculator.Unit.Test.csproj", "{F0F0ED06-019D-4CC1-84C9-2F5A2AE6B70B}"
EndProject
Global
	GlobalSection(SolutionConfigurationPlatforms) = preSolution
		Debug|Any CPU = Debug|Any CPU
		Release|Any CPU = Release|Any CPU
	EndGlobalSection
	GlobalSection(ProjectConfigurationPlatforms) = postSolution
		{77B9AE60-3DAA-4AF7-9E60-14B019EE8F8E}.Debug|Any CPU.ActiveCfg = Debug|Any CPU
		{77B9AE60-3DAA-4AF7-9E60-14B019EE8F8E}.Debug|Any CPU.Build.0 = Debug|Any CPU
		{77B9AE60-3DAA-4AF7-9E60-14B019EE8F8E}.Release|Any CPU.ActiveCfg = Release|Any CPU
		{77B9AE60-3DAA-4AF7-9E60-14B019EE8F8E}.Release|Any CPU.Build.0 = Release|Any CPU
		{F0F0ED06-019D-4CC1-84C9-2F5A2AE6B70B}.Debug|Any CPU.ActiveCfg = Debug|Any CPU
		{F0F0ED06-019D-4CC1-84C9-2F5A2AE6B70B}.Debug|Any CPU.Build.0 = Debug|Any CPU
		{F0F0ED06-019D-4CC1-84C9-2F5A2AE6B70B}.Release|Any CPU.ActiveCfg = Release|Any CPU
		{F0F0ED06-019D-4CC1-84C9-2F5A2AE6B70B}.Release|Any CPU.Build.0 = Release|Any CPU
	EndGlobalSection
	GlobalSection(SolutionProperties) = preSolution
		HideSolutionNode = FALSE
	EndGlobalSection
	GlobalSection(ExtensibilityGlobals) = postSolution
		SolutionGuid = {C7CBE6A9-0B0A-46DB-9A45-F6C0B8911A42}
	EndGlobalSection
EndGlobal
